
Microsoft Visual Studio Solution File, Format Version 12.00
# Visual Studio Version 18
VisualStudioVersion = 18.6.11716.218 insiders
MinimumVisualStudioVersion = 10.0.40219.1
Project("{FAE04EC0-301F-11D3-BF4B-00C04F79EFBC}") = "EWalletAgileApp", "EWalletAgileApp.csproj", "{B4F1DD9E-919D-61DE-1DD6-1E2AD238E398}"
EndProject
Global
	GlobalSection(SolutionConfigurationPlatforms) = preSolution
		Debug|Any CPU = Debug|Any CPU
		Release|Any CPU = Release|Any CPU
	EndGlobalSection
	GlobalSection(ProjectConfigurationPlatforms) = postSolution
		{B4F1DD9E-919D-61DE-1DD6-1E2AD238E398}.Debug|Any CPU.ActiveCfg = Debug|Any CPU
		{B4F1DD9E-919D-61DE-1DD6-1E2AD238E398}.Debug|Any CPU.Build.0 = Debug|Any CPU
		{B4F1DD9E-919D-61DE-1DD6-1E2AD238E398}.Release|Any CPU.ActiveCfg = Release|Any CPU
		{B4F1DD9E-919D-61DE-1DD6-1E2AD238E398}.Release|Any CPU.Build.0 = Release|Any CPU
	EndGlobalSection
	GlobalSection(SolutionProperties) = preSolution
		HideSolutionNode = FALSE
	EndGlobalSection
	GlobalSection(ExtensibilityGlobals) = postSolution
		SolutionGuid = {1247A469-06F2-432E-B673-9D49F4A9DB34}
	EndGlobalSection
EndGlobal
